// !$*UTF8*$!
{
	archiveVersion = 1;
	classes = {
	};
	objectVersion = 46;
	objects = {

/* Begin PBXBuildFile section */
		23C5988789B96AA483772A0E /* Pods_Swipable_Cards_iOS.framework in Frameworks */ = {isa = PBXBuildFile; fileRef = 7A1DD0FB6F458985BBE8D2C0 /* Pods_Swipable_Cards_iOS.framework */; };
		4DC1EBDD1DC4818E00F28162 /* AppDelegate.swift in Sources */ = {isa = PBXBuildFile; fileRef = 4DC1EBDC1DC4818E00F28162 /* AppDelegate.swift */; };
		4DC1EBDF1DC4818E00F28162 /* HomeViewController.swift in Sources */ = {isa = PBXBuildFile; fileRef = 4DC1EBDE1DC4818E00F28162 /* HomeViewController.swift */; };
		4DC1EBE21DC4818E00F28162 /* Main.storyboard in Resources */ = {isa = PBXBuildFile; fileRef = 4DC1EBE01DC4818E00F28162 /* Main.storyboard */; };
		4DC1EBE41DC4818E00F28162 /* Assets.xcassets in Resources */ = {isa = PBXBuildFile; fileRef = 4DC1EBE31DC4818E00F28162 /* Assets.xcassets */; };
		4DC1EBE71DC4818E00F28162 /* LaunchScreen.storyboard in Resources */ = {isa = PBXBuildFile; fileRef = 4DC1EBE51DC4818E00F28162 /* LaunchScreen.storyboard */; };
		4DC1EBEF1DC486C600F28162 /* TabBarViewController.swift in Sources */ = {isa = PBXBuildFile; fileRef = 4DC1EBEE1DC486C600F28162 /* TabBarViewController.swift */; };
		4DC1EBF41DC4D45F00F28162 /* Bolts.framework in Frameworks */ = {isa = PBXBuildFile; fileRef = 4DC1EBF01DC4D45F00F28162 /* Bolts.framework */; };
		4DC1EBF51DC4D45F00F28162 /* FBSDKCoreKit.framework in Frameworks */ = {isa = PBXBuildFile; fileRef = 4DC1EBF11DC4D45F00F28162 /* FBSDKCoreKit.framework */; };
		4DC1EBF61DC4D45F00F28162 /* FBSDKLoginKit.framework in Frameworks */ = {isa = PBXBuildFile; fileRef = 4DC1EBF21DC4D45F00F28162 /* FBSDKLoginKit.framework */; };
		4DC1EBF71DC4D45F00F28162 /* FBSDKShareKit.framework in Frameworks */ = {isa = PBXBuildFile; fileRef = 4DC1EBF31DC4D45F00F28162 /* FBSDKShareKit.framework */; };
		4DC1EBF91DC4D56A00F28162 /* LoginViewController.swift in Sources */ = {isa = PBXBuildFile; fileRef = 4DC1EBF81DC4D56A00F28162 /* LoginViewController.swift */; };
		4DC1EBFC1DC4DC8D00F28162 /* ProfileViewController.swift in Sources */ = {isa = PBXBuildFile; fileRef = 4DC1EBFB1DC4DC8D00F28162 /* ProfileViewController.swift */; };
		4DC1EBFE1DC4E8E700F28162 /* FacebookPhotosManager.swift in Sources */ = {isa = PBXBuildFile; fileRef = 4DC1EBFD1DC4E8E700F28162 /* FacebookPhotosManager.swift */; };
		4DC1EC001DC4F8E300F28162 /* CardImageView.swift in Sources */ = {isa = PBXBuildFile; fileRef = 4DC1EBFF1DC4F8E300F28162 /* CardImageView.swift */; };
		4DC1EC021DC5109D00F28162 /* CardView.swift in Sources */ = {isa = PBXBuildFile; fileRef = 4DC1EC011DC5109D00F28162 /* CardView.swift */; };
		4DC1EC041DC5141300F28162 /* NetworkImageView.swift in Sources */ = {isa = PBXBuildFile; fileRef = 4DC1EC031DC5141300F28162 /* NetworkImageView.swift */; };
/* End PBXBuildFile section */

/* Begin PBXFileReference section */
		4DC1EBD91DC4818E00F28162 /* Swipable Cards iOS.app */ = {isa = PBXFileReference; explicitFileType = wrapper.application; includeInIndex = 0; path = "Swipable Cards iOS.app"; sourceTree = BUILT_PRODUCTS_DIR; };
		4DC1EBDC1DC4818E00F28162 /* AppDelegate.swift */ = {isa = PBXFileReference; lastKnownFileType = sourcecode.swift; path = AppDelegate.swift; sourceTree = "<group>"; };
		4DC1EBDE1DC4818E00F28162 /* HomeViewController.swift */ = {isa = PBXFileReference; lastKnownFileType = sourcecode.swift; path = HomeViewController.swift; sourceTree = "<group>"; };
		4DC1EBE11DC4818E00F28162 /* Base */ = {isa = PBXFileReference; lastKnownFileType = file.storyboard; name = Base; path = Base.lproj/Main.storyboard; sourceTree = "<group>"; };
		4DC1EBE31DC4818E00F28162 /* Assets.xcassets */ = {isa = PBXFileReference; lastKnownFileType = folder.assetcatalog; path = Assets.xcassets; sourceTree = "<group>"; };
		4DC1EBE61DC4818E00F28162 /* Base */ = {isa = PBXFileReference; lastKnownFileType = file.storyboard; name = Base; path = Base.lproj/LaunchScreen.storyboard; sourceTree = "<group>"; };
		4DC1EBE81DC4818E00F28162 /* Info.plist */ = {isa = PBXFileReference; lastKnownFileType = text.plist.xml; path = Info.plist; sourceTree = "<group>"; };
		4DC1EBEE1DC486C600F28162 /* TabBarViewController.swift */ = {isa = PBXFileReference; fileEncoding = 4; lastKnownFileType = sourcecode.swift; path = TabBarViewController.swift; sourceTree = "<group>"; };
		4DC1EBF01DC4D45F00F28162 /* Bolts.framework */ = {isa = PBXFileReference; lastKnownFileType = wrapper.framework; path = Bolts.framework; sourceTree = "<group>"; };
		4DC1EBF11DC4D45F00F28162 /* FBSDKCoreKit.framework */ = {isa = PBXFileReference; lastKnownFileType = wrapper.framework; path = FBSDKCoreKit.framework; sourceTree = "<group>"; };
		4DC1EBF21DC4D45F00F28162 /* FBSDKLoginKit.framework */ = {isa = PBXFileReference; lastKnownFileType = wrapper.framework; path = FBSDKLoginKit.framework; sourceTree = "<group>"; };
		4DC1EBF31DC4D45F00F28162 /* FBSDKShareKit.framework */ = {isa = PBXFileReference; lastKnownFileType = wrapper.framework; path = FBSDKShareKit.framework; sourceTree = "<group>"; };
		4DC1EBF81DC4D56A00F28162 /* LoginViewController.swift */ = {isa = PBXFileReference; fileEncoding = 4; lastKnownFileType = sourcecode.swift; path = LoginViewController.swift; sourceTree = "<group>"; };
		4DC1EBFA1DC4D88B00F28162 /* Swipable Cards iOS.entitlements */ = {isa = PBXFileReference; lastKnownFileType = text.plist.entitlements; path = "Swipable Cards iOS.entitlements"; sourceTree = "<group>"; };
		4DC1EBFB1DC4DC8D00F28162 /* ProfileViewController.swift */ = {isa = PBXFileReference; fileEncoding = 4; lastKnownFileType = sourcecode.swift; path = ProfileViewController.swift; sourceTree = "<group>"; };
		4DC1EBFD1DC4E8E700F28162 /* FacebookPhotosManager.swift */ = {isa = PBXFileReference; fileEncoding = 4; lastKnownFileType = sourcecode.swift; path = FacebookPhotosManager.swift; sourceTree = "<group>"; };
		4DC1EBFF1DC4F8E300F28162 /* CardImageView.swift */ = {isa = PBXFileReference; fileEncoding = 4; lastKnownFileType = sourcecode.swift; path = CardImageView.swift; sourceTree = "<group>"; };
		4DC1EC011DC5109D00F28162 /* CardView.swift */ = {isa = PBXFileReference; fileEncoding = 4; lastKnownFileType = sourcecode.swift; path = CardView.swift; sourceTree = "<group>"; };
		4DC1EC031DC5141300F28162 /* NetworkImageView.swift */ = {isa = PBXFileReference; fileEncoding = 4; lastKnownFileType = sourcecode.swift; path = NetworkImageView.swift; sourceTree = "<group>"; };
		7A0EFAB19CE6741ED71F947B /* Pods-Swipable Cards iOS.release.xcconfig */ = {isa = PBXFileReference; includeInIndex = 1; lastKnownFileType = text.xcconfig; name = "Pods-Swipable Cards iOS.release.xcconfig"; path = "Pods/Target Support Files/Pods-Swipable Cards iOS/Pods-Swipable Cards iOS.release.xcconfig"; sourceTree = "<group>"; };
		7A1DD0FB6F458985BBE8D2C0 /* Pods_Swipable_Cards_iOS.framework */ = {isa = PBXFileReference; explicitFileType = wrapper.framework; includeInIndex = 0; path = Pods_Swipable_Cards_iOS.framework; sourceTree = BUILT_PRODUCTS_DIR; };
		BE18ADE8E05969E95316EE1B /* Pods-Swipable Cards iOS.debug.xcconfig */ = {isa = PBXFileReference; includeInIndex = 1; lastKnownFileType = text.xcconfig; name = "Pods-Swipable Cards iOS.debug.xcconfig"; path = "Pods/Target Support Files/Pods-Swipable Cards iOS/Pods-Swipable Cards iOS.debug.xcconfig"; sourceTree = "<group>"; };
/* End PBXFileReference section */

/* Begin PBXFrameworksBuildPhase section */
		4DC1EBD61DC4818E00F28162 /* Frameworks */ = {
			isa = PBXFrameworksBuildPhase;
			buildActionMask = 2147483647;
			files = (
				23C5988789B96AA483772A0E /* Pods_Swipable_Cards_iOS.framework in Frameworks */,
				4DC1EBF51DC4D45F00F28162 /* FBSDKCoreKit.framework in Frameworks */,
				4DC1EBF71DC4D45F00F28162 /* FBSDKShareKit.framework in Frameworks */,
				4DC1EBF61DC4D45F00F28162 /* FBSDKLoginKit.framework in Frameworks */,
				4DC1EBF41DC4D45F00F28162 /* Bolts.framework in Frameworks */,
			);
			runOnlyForDeploymentPostprocessing = 0;
		};
/* End PBXFrameworksBuildPhase section */

/* Begin PBXGroup section */
		4DC1EBD01DC4818E00F28162 = {
			isa = PBXGroup;
			children = (
				4DC1EBDB1DC4818E00F28162 /* Swipable Cards iOS */,
				4DC1EBDA1DC4818E00F28162 /* Products */,
				65DCD523439E74E323833EE9 /* Pods */,
				B9656B688E4E1AF3432DD585 /* Frameworks */,
			);
			sourceTree = "<group>";
		};
		4DC1EBDA1DC4818E00F28162 /* Products */ = {
			isa = PBXGroup;
			children = (
				4DC1EBD91DC4818E00F28162 /* Swipable Cards iOS.app */,
			);
			name = Products;
			sourceTree = "<group>";
		};
		4DC1EBDB1DC4818E00F28162 /* Swipable Cards iOS */ = {
			isa = PBXGroup;
			children = (
				4DC1EBFA1DC4D88B00F28162 /* Swipable Cards iOS.entitlements */,
				4DC1EBDC1DC4818E00F28162 /* AppDelegate.swift */,
				4DC1EBF81DC4D56A00F28162 /* LoginViewController.swift */,
				4DC1EBDE1DC4818E00F28162 /* HomeViewController.swift */,
				4DC1EBFF1DC4F8E300F28162 /* CardImageView.swift */,
				4DC1EC011DC5109D00F28162 /* CardView.swift */,
				4DC1EBFD1DC4E8E700F28162 /* FacebookPhotosManager.swift */,
				4DC1EC031DC5141300F28162 /* NetworkImageView.swift */,
				4DC1EBE01DC4818E00F28162 /* Main.storyboard */,
				4DC1EBFB1DC4DC8D00F28162 /* ProfileViewController.swift */,
				4DC1EBEE1DC486C600F28162 /* TabBarViewController.swift */,
				4DC1EBE31DC4818E00F28162 /* Assets.xcassets */,
				4DC1EBE51DC4818E00F28162 /* LaunchScreen.storyboard */,
				4DC1EBE81DC4818E00F28162 /* Info.plist */,
			);
			path = "Swipable Cards iOS";
			sourceTree = "<group>";
		};
		65DCD523439E74E323833EE9 /* Pods */ = {
			isa = PBXGroup;
			children = (
				BE18ADE8E05969E95316EE1B /* Pods-Swipable Cards iOS.debug.xcconfig */,
				7A0EFAB19CE6741ED71F947B /* Pods-Swipable Cards iOS.release.xcconfig */,
			);
			name = Pods;
			sourceTree = "<group>";
		};
		B9656B688E4E1AF3432DD585 /* Frameworks */ = {
			isa = PBXGroup;
			children = (
				4DC1EBF01DC4D45F00F28162 /* Bolts.framework */,
				4DC1EBF11DC4D45F00F28162 /* FBSDKCoreKit.framework */,
				4DC1EBF21DC4D45F00F28162 /* FBSDKLoginKit.framework */,
				4DC1EBF31DC4D45F00F28162 /* FBSDKShareKit.framework */,
				7A1DD0FB6F458985BBE8D2C0 /* Pods_Swipable_Cards_iOS.framework */,
			);
			name = Frameworks;
			sourceTree = "<group>";
		};
/* End PBXGroup section */

/* Begin PBXNativeTarget section */
		4DC1EBD81DC4818E00F28162 /* Swipable Cards iOS */ = {
			isa = PBXNativeTarget;
			buildConfigurationList = 4DC1EBEB1DC4818E00F28162 /* Build configuration list for PBXNativeTarget "Swipable Cards iOS" */;
			buildPhases = (
				54BFF671B2D3FA70A59CBC40 /* [CP] Check Pods Manifest.lock */,
				4DC1EBD51DC4818E00F28162 /* Sources */,
				4DC1EBD61DC4818E00F28162 /* Frameworks */,
				4DC1EBD71DC4818E00F28162 /* Resources */,
				8037282BBE7489DB2C77D34D /* [CP] Embed Pods Frameworks */,
				CD162585C8F9E92BE2CB63E8 /* [CP] Copy Pods Resources */,
			);
			buildRules = (
			);
			dependencies = (
			);
			name = "Swipable Cards iOS";
			productName = "Swipable Cards iOS";
			productReference = 4DC1EBD91DC4818E00F28162 /* Swipable Cards iOS.app */;
			productType = "com.apple.product-type.application";
		};
/* End PBXNativeTarget section */

/* Begin PBXProject section */
		4DC1EBD11DC4818E00F28162 /* Project object */ = {
			isa = PBXProject;
			attributes = {
				LastSwiftUpdateCheck = 0800;
				LastUpgradeCheck = 0800;
				ORGANIZATIONNAME = thePsguy;
				TargetAttributes = {
					4DC1EBD81DC4818E00F28162 = {
						CreatedOnToolsVersion = 8.0;
						DevelopmentTeam = V6JUB3D3PN;
						LastSwiftMigration = 0800;
						ProvisioningStyle = Automatic;
						SystemCapabilities = {
							com.apple.Keychain = {
								enabled = 1;
							};
						};
					};
				};
			};
			buildConfigurationList = 4DC1EBD41DC4818E00F28162 /* Build configuration list for PBXProject "Swipable Cards iOS" */;
			compatibilityVersion = "Xcode 3.2";
			developmentRegion = English;
			hasScannedForEncodings = 0;
			knownRegions = (
				en,
				Base,
			);
			mainGroup = 4DC1EBD01DC4818E00F28162;
			productRefGroup = 4DC1EBDA1DC4818E00F28162 /* Products */;
			projectDirPath = "";
			projectRoot = "";
			targets = (
				4DC1EBD81DC4818E00F28162 /* Swipable Cards iOS */,
			);
		};
/* End PBXProject section */

/* Begin PBXResourcesBuildPhase section */
		4DC1EBD71DC4818E00F28162 /* Resources */ = {
			isa = PBXResourcesBuildPhase;
			buildActionMask = 2147483647;
			files = (
				4DC1EBE71DC4818E00F28162 /* LaunchScreen.storyboard in Resources */,
				4DC1EBE41DC4818E00F28162 /* Assets.xcassets in Resources */,
				4DC1EBE21DC4818E00F28162 /* Main.storyboard in Resources */,
			);
			runOnlyForDeploymentPostprocessing = 0;
		};
/* End PBXResourcesBuildPhase section */

/* Begin PBXShellScriptBuildPhase section */
		54BFF671B2D3FA70A59CBC40 /* [CP] Check Pods Manifest.lock */ = {
			isa = PBXShellScriptBuildPhase;
			buildActionMask = 2147483647;
			files = (
			);
			inputPaths = (
			);
			name = "[CP] Check Pods Manifest.lock";
			outputPaths = (
			);
			runOnlyForDeploymentPostprocessing = 0;
			shellPath = /bin/sh;
			shellScript = "diff \"${PODS_ROOT}/../Podfile.lock\" \"${PODS_ROOT}/Manifest.lock\" > /dev/null\nif [[ $? != 0 ]] ; then\n    cat << EOM\nerror: The sandbox is not in sync with the Podfile.lock. Run 'pod install' or update your CocoaPods installation.\nEOM\n    exit 1\nfi\n";
			showEnvVarsInLog = 0;
		};
		8037282BBE7489DB2C77D34D /* [CP] Embed Pods Frameworks */ = {
			isa = PBXShellScriptBuildPhase;
			buildActionMask = 2147483647;
			files = (
			);
			inputPaths = (
			);
			name = "[CP] Embed Pods Frameworks";
			outputPaths = (
			);
			runOnlyForDeploymentPostprocessing = 0;
			shellPath = /bin/sh;
			shellScript = "\"${SRCROOT}/Pods/Target Support Files/Pods-Swipable Cards iOS/Pods-Swipable Cards iOS-frameworks.sh\"\n";
			showEnvVarsInLog = 0;
		};
		CD162585C8F9E92BE2CB63E8 /* [CP] Copy Pods Resources */ = {
			isa = PBXShellScriptBuildPhase;
			buildActionMask = 2147483647;
			files = (
			);
			inputPaths = (
			);
			name = "[CP] Copy Pods Resources";
			outputPaths = (
			);
			runOnlyForDeploymentPostprocessing = 0;
			shellPath = /bin/sh;
			shellScript = "\"${SRCROOT}/Pods/Target Support Files/Pods-Swipable Cards iOS/Pods-Swipable Cards iOS-resources.sh\"\n";
			showEnvVarsInLog = 0;
		};
/* End PBXShellScriptBuildPhase section */

/* Begin PBXSourcesBuildPhase section */
		4DC1EBD51DC4818E00F28162 /* Sources */ = {
			isa = PBXSourcesBuildPhase;
			buildActionMask = 2147483647;
			files = (
				4DC1EBF91DC4D56A00F28162 /* LoginViewController.swift in Sources */,
				4DC1EBDF1DC4818E00F28162 /* HomeViewController.swift in Sources */,
				4DC1EC001DC4F8E300F28162 /* CardImageView.swift in Sources */,
				4DC1EBFC1DC4DC8D00F28162 /* ProfileViewController.swift in Sources */,
				4DC1EBEF1DC486C600F28162 /* TabBarViewController.swift in Sources */,
				4DC1EBFE1DC4E8E700F28162 /* FacebookPhotosManager.swift in Sources */,
				4DC1EC021DC5109D00F28162 /* CardView.swift in Sources */,
				4DC1EC041DC5141300F28162 /* NetworkImageView.swift in Sources */,
				4DC1EBDD1DC4818E00F28162 /* AppDelegate.swift in Sources */,
			);
			runOnlyForDeploymentPostprocessing = 0;
		};
/* End PBXSourcesBuildPhase section */

/* Begin PBXVariantGroup section */
		4DC1EBE01DC4818E00F28162 /* Main.storyboard */ = {
			isa = PBXVariantGroup;
			children = (
				4DC1EBE11DC4818E00F28162 /* Base */,
			);
			name = Main.storyboard;
			sourceTree = "<group>";
		};
		4DC1EBE51DC4818E00F28162 /* LaunchScreen.storyboard */ = {
			isa = PBXVariantGroup;
			children = (
				4DC1EBE61DC4818E00F28162 /* Base */,
			);
			name = LaunchScreen.storyboard;
			sourceTree = "<group>";
		};
/* End PBXVariantGroup section */

/* Begin XCBuildConfiguration section */
		4DC1EBE91DC4818E00F28162 /* Debug */ = {
			isa = XCBuildConfiguration;
			buildSettings = {
				ALWAYS_SEARCH_USER_PATHS = NO;
				CLANG_ANALYZER_NONNULL = YES;
				CLANG_CXX_LANGUAGE_STANDARD = "gnu++0x";
				CLANG_CXX_LIBRARY = "libc++";
				CLANG_ENABLE_MODULES = YES;
				CLANG_ENABLE_OBJC_ARC = YES;
				CLANG_WARN_BOOL_CONVERSION = YES;
				CLANG_WARN_CONSTANT_CONVERSION = YES;
				CLANG_WARN_DIRECT_OBJC_ISA_USAGE = YES_ERROR;
				CLANG_WARN_DOCUMENTATION_COMMENTS = YES;
				CLANG_WARN_EMPTY_BODY = YES;
				CLANG_WARN_ENUM_CONVERSION = YES;
				CLANG_WARN_INFINITE_RECURSION = YES;
				CLANG_WARN_INT_CONVERSION = YES;
				CLANG_WARN_OBJC_ROOT_CLASS = YES_ERROR;
				CLANG_WARN_SUSPICIOUS_MOVES = YES;
				CLANG_WARN_UNREACHABLE_CODE = YES;
				CLANG_WARN__DUPLICATE_METHOD_MATCH = YES;
				"CODE_SIGN_IDENTITY[sdk=iphoneos*]" = "iPhone Developer";
				COPY_PHASE_STRIP = NO;
				DEBUG_INFORMATION_FORMAT = dwarf;
				ENABLE_STRICT_OBJC_MSGSEND = YES;
				ENABLE_TESTABILITY = YES;
				GCC_C_LANGUAGE_STANDARD = gnu99;
				GCC_DYNAMIC_NO_PIC = NO;
				GCC_NO_COMMON_BLOCKS = YES;
				GCC_OPTIMIZATION_LEVEL = 0;
				GCC_PREPROCESSOR_DEFINITIONS = (
					"DEBUG=1",
					"$(inherited)",
				);
				GCC_WARN_64_TO_32_BIT_CONVERSION = YES;
				GCC_WARN_ABOUT_RETURN_TYPE = YES_ERROR;
				GCC_WARN_UNDECLARED_SELECTOR = YES;
				GCC_WARN_UNINITIALIZED_AUTOS = YES_AGGRESSIVE;
				GCC_WARN_UNUSED_FUNCTION = YES;
				GCC_WARN_UNUSED_VARIABLE = YES;
				IPHONEOS_DEPLOYMENT_TARGET = 10.0;
				MTL_ENABLE_DEBUG_INFO = YES;
				ONLY_ACTIVE_ARCH = YES;
				SDKROOT = iphoneos;
				SWIFT_ACTIVE_COMPILATION_CONDITIONS = DEBUG;
				SWIFT_OPTIMIZATION_LEVEL = "-Onone";
			};
			name = Debug;
		};
		4DC1EBEA1DC4818E00F28162 /* Release */ = {
			isa = XCBuildConfiguration;
			buildSettings = {
				ALWAYS_SEARCH_USER_PATHS = NO;
				CLANG_ANALYZER_NONNULL = YES;
				CLANG_CXX_LANGUAGE_STANDARD = "gnu++0x";
				CLANG_CXX_LIBRARY = "libc++";
				CLANG_ENABLE_MODULES = YES;
				CLANG_ENABLE_OBJC_ARC = YES;
				CLANG_WARN_BOOL_CONVERSION = YES;
				CLANG_WARN_CONSTANT_CONVERSION = YES;
				CLANG_WARN_DIRECT_OBJC_ISA_USAGE = YES_ERROR;
				CLANG_WARN_DOCUMENTATION_COMMENTS = YES;
				CLANG_WARN_EMPTY_BODY = YES;
				CLANG_WARN_ENUM_CONVERSION = YES;
				CLANG_WARN_INFINITE_RECURSION = YES;
				CLANG_WARN_INT_CONVERSION = YES;
				CLANG_WARN_OBJC_ROOT_CLASS = YES_ERROR;
				CLANG_WARN_SUSPICIOUS_MOVES = YES;
				CLANG_WARN_UNREACHABLE_CODE = YES;
				CLANG_WARN__DUPLICATE_METHOD_MATCH = YES;
				"CODE_SIGN_IDENTITY[sdk=iphoneos*]" = "iPhone Developer";
				COPY_PHASE_STRIP = NO;
				DEBUG_INFORMATION_FORMAT = "dwarf-with-dsym";
				ENABLE_NS_ASSERTIONS = NO;
				ENABLE_STRICT_OBJC_MSGSEND = YES;
				GCC_C_LANGUAGE_STANDARD = gnu99;
				GCC_NO_COMMON_BLOCKS = YES;
				GCC_WARN_64_TO_32_BIT_CONVERSION = YES;
				GCC_WARN_ABOUT_RETURN_TYPE = YES_ERROR;
				GCC_WARN_UNDECLARED_SELECTOR = YES;
				GCC_WARN_UNINITIALIZED_AUTOS = YES_AGGRESSIVE;
				GCC_WARN_UNUSED_FUNCTION = YES;
				GCC_WARN_UNUSED_VARIABLE = YES;
				IPHONEOS_DEPLOYMENT_TARGET = 10.0;
				MTL_ENABLE_DEBUG_INFO = NO;
				SDKROOT = iphoneos;
				SWIFT_OPTIMIZATION_LEVEL = "-Owholemodule";
				VALIDATE_PRODUCT = YES;
			};
			name = Release;
		};
		4DC1EBEC1DC4818E00F28162 /* Debug */ = {
			isa = XCBuildConfiguration;
			baseConfigurationReference = BE18ADE8E05969E95316EE1B /* Pods-Swipable Cards iOS.debug.xcconfig */;
			buildSettings = {
				ASSETCATALOG_COMPILER_APPICON_NAME = AppIcon;
				CODE_SIGN_ENTITLEMENTS = "Swipable Cards iOS/Swipable Cards iOS.entitlements";
				DEVELOPMENT_TEAM = V6JUB3D3PN;
				FRAMEWORK_SEARCH_PATHS = (
					"$(inherited)",
					"$(PROJECT_DIR)",
				);
				INFOPLIST_FILE = "Swipable Cards iOS/Info.plist";
				IPHONEOS_DEPLOYMENT_TARGET = 9.0;
				LD_RUNPATH_SEARCH_PATHS = "$(inherited) @executable_path/Frameworks";
				PRODUCT_BUNDLE_IDENTIFIER = "net.thePsguy.Swipable-Cards-iOS";
				PRODUCT_NAME = "$(TARGET_NAME)";
				SWIFT_VERSION = 3.0;
			};
			name = Debug;
		};
		4DC1EBED1DC4818E00F28162 /* Release */ = {
			isa = XCBuildConfiguration;
			baseConfigurationReference = 7A0EFAB19CE6741ED71F947B /* Pods-Swipable Cards iOS.release.xcconfig */;
			buildSettings = {
				ASSETCATALOG_COMPILER_APPICON_NAME = AppIcon;
				CODE_SIGN_ENTITLEMENTS = "Swipable Cards iOS/Swipable Cards iOS.entitlements";
				DEVELOPMENT_TEAM = V6JUB3D3PN;
				FRAMEWORK_SEARCH_PATHS = (
					"$(inherited)",
					"$(PROJECT_DIR)",
				);
				INFOPLIST_FILE = "Swipable Cards iOS/Info.plist";
				IPHONEOS_DEPLOYMENT_TARGET = 9.0;
				LD_RUNPATH_SEARCH_PATHS = "$(inherited) @executable_path/Frameworks";
				PRODUCT_BUNDLE_IDENTIFIER = "net.thePsguy.Swipable-Cards-iOS";
				PRODUCT_NAME = "$(TARGET_NAME)";
				SWIFT_VERSION = 3.0;
			};
			name = Release;
		};
/* End XCBuildConfiguration section */

/* Begin XCConfigurationList section */
		4DC1EBD41DC4818E00F28162 /* Build configuration list for PBXProject "Swipable Cards iOS" */ = {
			isa = XCConfigurationList;
			buildConfigurations = (
				4DC1EBE91DC4818E00F28162 /* Debug */,
				4DC1EBEA1DC4818E00F28162 /* Release */,
			);
			defaultConfigurationIsVisible = 0;
			defaultConfigurationName = Release;
		};
		4DC1EBEB1DC4818E00F28162 /* Build configuration list for PBXNativeTarget "Swipable Cards iOS" */ = {
			isa = XCConfigurationList;
			buildConfigurations = (
				4DC1EBEC1DC4818E00F28162 /* Debug */,
				4DC1EBED1DC4818E00F28162 /* Release */,
			);
			defaultConfigurationIsVisible = 0;
			defaultConfigurationName = Release;
		};
/* End XCConfigurationList section */
	};
	rootObject = 4DC1EBD11DC4818E00F28162 /* Project object */;
}
